{
  "version": 4,
  "terraform_version": "0.14.7",
  "serial": 44,
  "lineage": "2d0dd4d2-a07d-e12e-0a24-f7026cc66255",
  "outputs": {},
  "resources": [
    {
      "mode": "managed",
      "type": "aws_s3_bucket",
      "name": "b",
      "provider": "provider[\"registry.terraform.io/hashicorp/aws\"]",
      "instances": [
        {
          "schema_version": 0,
          "attributes": {
            "acceleration_status": "",
            "acl": "private",
            "arn": "arn:aws:s3:::remote-location-test1",
            "bucket": "remote-location-test1",
            "bucket_domain_name": "remote-location-test1.s3.amazonaws.com",
            "bucket_prefix": null,
            "bucket_regional_domain_name": "remote-location-test1.s3.amazonaws.com",
            "cors_rule": [],
            "force_destroy": false,
            "grant": [],
            "hosted_zone_id": "Z3AQBSTGFYJSTF",
            "id": "remote-location-test1",
            "lifecycle_rule": [],
            "logging": [],
            "object_lock_configuration": [],
            "policy": null,
            "region": "us-east-1",
            "replication_configuration": [],
            "request_payer": "BucketOwner",
            "server_side_encryption_configuration": [
              {
                "rule": [
                  {
                    "apply_server_side_encryption_by_default": [
                      {
                        "kms_master_key_id": "",
                        "sse_algorithm": "AES256"
                      }
                    ]
                  }
                ]
              }
            ],
            "tags": {
              "CLOUDID": "RemoteLocationTest"
            },
            "versioning": [
              {
                "enabled": false,
                "mfa_delete": false
              }
            ],
            "website": [],
            "website_domain": null,
            "website_endpoint": null
          },
          "sensitive_attributes": [],
          "private": "bnVsbA=="
        }
      ]
    },
    {
      "mode": "managed",
      "type": "aws_s3_bucket_policy",
      "name": "b",
      "provider": "provider[\"registry.terraform.io/hashicorp/aws\"]",
      "instances": [
        {
          "schema_version": 0,
          "attributes": {
            "bucket": "remote-location-test1",
            "id": "remote-location-test1",
            "policy": "{\"Version\":\"2012-10-17\",\"Id\":\"Policy1587152430504\",\"Statement\":[{\"Sid\":\"Stmt1587152093671\",\"Effect\":\"Allow\",\"Principal\":\"*\",\"Action\":\"s3:*\",\"Resource\":[\"arn:aws:s3:::remote-location-test1\",\"arn:aws:s3:::remote-location-test1/*\"],\"Condition\":{\"ArnEquals\":{\"aws:PrincipalArn\":[\"arn:aws:iam::736922127837:role/remotelocation-s3-access-ec2\",\"arn:aws:iam::736922127837:root\"]}}},{\"Sid\":\"Stmt1587152420280\",\"Effect\":\"Deny\",\"Principal\":\"*\",\"Action\":\"s3:*\",\"Resource\":[\"arn:aws:s3:::remote-location-test1\",\"arn:aws:s3:::remote-location-test1/*\"],\"Condition\":{\"Bool\":{\"aws:SecureTransport\":\"False\"}}}]}"
          },
          "sensitive_attributes": [],
          "private": "bnVsbA==",
          "dependencies": [
            "aws_s3_bucket.b"
          ]
        }
      ]
    },
    {
      "mode": "managed",
      "type": "aws_s3_bucket_public_access_block",
      "name": "b",
      "provider": "provider[\"registry.terraform.io/hashicorp/aws\"]",
      "instances": [
        {
          "schema_version": 0,
          "attributes": {
            "block_public_acls": true,
            "block_public_policy": true,
            "bucket": "remote-location-test1",
            "id": "remote-location-test1",
            "ignore_public_acls": true,
            "restrict_public_buckets": true
          },
          "sensitive_attributes": [],
          "private": "bnVsbA==",
          "dependencies": [
            "aws_s3_bucket.b"
          ]
        }
      ]
    }
  ]
}
